{
  "requires": true,
  "lockfileVersion": 1,
  "dependencies": {
    "@types/d3-array": {
      "version": "3.2.1",
      "resolved": "https://registry.npmjs.org/@types/d3-array/-/d3-array-3.2.1.tgz",
      "integrity": "sha512-Y2Jn2idRrLzUfAKV2LyRImR+y4oa2AntrgID95SHJxuMUrkNXmanDSed71sRNZysveJVt1hLLemQZIady0FpEg=="
    },
    "@types/d3-color": {
      "version": "3.1.3",
      "resolved": "https://registry.npmjs.org/@types/d3-color/-/d3-color-3.1.3.tgz",
      "integrity": "sha512-iO90scth9WAbmgv7ogoq57O9YpKmFBbmoEoCHDB2xMBY0+/KVrqAaCDyCE16dUspeOvIxFFRI+0sEtqDqy2b4A=="
    },
    "@types/d3-ease": {
      "version": "3.0.2",
      "resolved": "https://registry.npmjs.org/@types/d3-ease/-/d3-ease-3.0.2.tgz",
      "integrity": "sha512-NcV1JjO5oDzoK26oMzbILE6HW7uVXOHLQvHshBUW4UMdZGfiY6v5BeQwh9a9tCzv+CeefZQHJt5SRgK154RtiA=="
    },
    "@types/d3-interpolate": {
      "version": "3.0.4",
      "resolved": "https://registry.npmjs.org/@types/d3-interpolate/-/d3-interpolate-3.0.4.tgz",
      "integrity": "sha512-mgLPETlrpVV1YRJIglr4Ez47g7Yxjl1lj7YKsiMCb27VJH9W8NVM6Bb9d8kkpG/uAQS5AmbA48q2IAolKKo1MA==",
      "requires": {
        "@types/d3-color": "*"
      }
    },
    "@types/d3-path": {
      "version": "3.0.2",
      "resolved": "https://registry.npmjs.org/@types/d3-path/-/d3-path-3.0.2.tgz",
      "integrity": "sha512-WAIEVlOCdd/NKRYTsqCpOMHQHemKBEINf8YXMYOtXH0GA7SY0dqMB78P3Uhgfy+4X+/Mlw2wDtlETkN6kQUCMA=="
    },
    "@types/d3-scale": {
      "version": "4.0.8",
      "resolved": "https://registry.npmjs.org/@types/d3-scale/-/d3-scale-4.0.8.tgz",
      "integrity": "sha512-gkK1VVTr5iNiYJ7vWDI+yUFFlszhNMtVeneJ6lUTKPjprsvLLI9/tgEGiXJOnlINJA8FyA88gfnQsHbybVZrYQ==",
      "requires": {
        "@types/d3-time": "*"
      }
    },
    "@types/d3-shape": {
      "version": "3.1.6",
      "resolved": "https://registry.npmjs.org/@types/d3-shape/-/d3-shape-3.1.6.tgz",
      "integrity": "sha512-5KKk5aKGu2I+O6SONMYSNflgiP0WfZIQvVUMan50wHsLG1G94JlxEVnCpQARfTtzytuY0p/9PXXZb3I7giofIA==",
      "requires": {
        "@types/d3-path": "*"
      }
    },
    "@types/d3-time": {
      "version": "3.0.3",
      "resolved": "https://registry.npmjs.org/@types/d3-time/-/d3-time-3.0.3.tgz",
      "integrity": "sha512-2p6olUZ4w3s+07q3Tm2dbiMZy5pCDfYwtLXXHUnVzXgQlZ/OyPtUz6OL382BkOuGlLXqfT+wqv8Fw2v8/0geBw=="
    },
    "@types/d3-timer": {
      "version": "3.0.2",
      "resolved": "https://registry.npmjs.org/@types/d3-timer/-/d3-timer-3.0.2.tgz",
      "integrity": "sha512-Ps3T8E8dZDam6fUyNiMkekK3XUsaUEik+idO9/YjPtfj2qruF8tFBXS7XhtE4iIXBLxhmLjP3SXpLhVf21I9Lw=="
    },
    "d3-array": {
      "version": "3.2.4",
      "resolved": "https://registry.npmjs.org/d3-array/-/d3-array-3.2.4.tgz",
      "integrity": "sha512-tdQAmyA18i4J7wprpYq8ClcxZy3SC31QMeByyCFyRt7BVHdREQZ5lpzoe5mFEYZUWe+oq8HBvk9JjpibyEV4Jg==",
      "requires": {
        "internmap": "1 - 2"
      }
    },
    "d3-color": {
      "version": "3.1.0",
      "resolved": "https://registry.npmjs.org/d3-color/-/d3-color-3.1.0.tgz",
      "integrity": "sha512-zg/chbXyeBtMQ1LbD/WSoW2DpC3I0mpmPdW+ynRTj/x2DAWYrIY7qeZIHidozwV24m4iavr15lNwIwLxRmOxhA=="
    },
    "d3-ease": {
      "version": "3.0.1",
      "resolved": "https://registry.npmjs.org/d3-ease/-/d3-ease-3.0.1.tgz",
      "integrity": "sha512-wR/XK3D3XcLIZwpbvQwQ5fK+8Ykds1ip7A2Txe0yxncXSdq1L9skcG7blcedkOX+ZcgxGAmLX1FrRGbADwzi0w=="
    },
    "d3-format": {
      "version": "3.1.0",
      "resolved": "https://registry.npmjs.org/d3-format/-/d3-format-3.1.0.tgz",
      "integrity": "sha512-YyUI6AEuY/Wpt8KWLgZHsIU86atmikuoOmCfommt0LYHiQSPjvX2AcFc38PX0CBpr2RCyZhjex+NS/LPOv6YqA=="
    },
    "d3-interpolate": {
      "version": "3.0.1",
      "resolved": "https://registry.npmjs.org/d3-interpolate/-/d3-interpolate-3.0.1.tgz",
      "integrity": "sha512-3bYs1rOD33uo8aqJfKP3JWPAibgw8Zm2+L9vBKEHJ2Rg+viTR7o5Mmv5mZcieN+FRYaAOWX5SJATX6k1PWz72g==",
      "requires": {
        "d3-color": "1 - 3"
      }
    },
    "d3-path": {
      "version": "3.1.0",
      "resolved": "https://registry.npmjs.org/d3-path/-/d3-path-3.1.0.tgz",
      "integrity": "sha512-p3KP5HCf/bvjBSSKuXid6Zqijx7wIfNW+J/maPs+iwR35at5JCbLUT0LzF1cnjbCHWhqzQTIN2Jpe8pRebIEFQ=="
    },
    "d3-scale": {
      "version": "4.0.2",
      "resolved": "https://registry.npmjs.org/d3-scale/-/d3-scale-4.0.2.tgz",
      "integrity": "sha512-GZW464g1SH7ag3Y7hXjf8RoUuAFIqklOAq3MRl4OaWabTFJY9PN/E1YklhXLh+OQ3fM9yS2nOkCoS+WLZ6kvxQ==",
      "requires": {
        "d3-array": "2.10.0 - 3",
        "d3-format": "1 - 3",
        "d3-interpolate": "1.2.0 - 3",
        "d3-time": "2.1.1 - 3",
        "d3-time-format": "2 - 4"
      }
    },
    "d3-shape": {
      "version": "3.2.0",
      "resolved": "https://registry.npmjs.org/d3-shape/-/d3-shape-3.2.0.tgz",
      "integrity": "sha512-SaLBuwGm3MOViRq2ABk3eLoxwZELpH6zhl3FbAoJ7Vm1gofKx6El1Ib5z23NUEhF9AsGl7y+dzLe5Cw2AArGTA==",
      "requires": {
        "d3-path": "^3.1.0"
      }
    },
    "d3-time": {
      "version": "3.1.0",
      "resolved": "https://registry.npmjs.org/d3-time/-/d3-time-3.1.0.tgz",
      "integrity": "sha512-VqKjzBLejbSMT4IgbmVgDjpkYrNWUYJnbCGo874u7MMKIWsILRX+OpX/gTk8MqjpT1A/c6HY2dCA77ZN0lkQ2Q==",
      "requires": {
        "d3-array": "2 - 3"
      }
    },
    "d3-time-format": {
      "version": "4.1.0",
      "resolved": "https://registry.npmjs.org/d3-time-format/-/d3-time-format-4.1.0.tgz",
      "integrity": "sha512-dJxPBlzC7NugB2PDLwo9Q8JiTR3M3e4/XANkreKSUxF8vvXKqm1Yfq4Q5dl8budlunRVlUUaDUgFt7eA8D6NLg==",
      "requires": {
        "d3-time": "1 - 3"
      }
    },
    "d3-timer": {
      "version": "3.0.1",
      "resolved": "https://registry.npmjs.org/d3-timer/-/d3-timer-3.0.1.tgz",
      "integrity": "sha512-ndfJ/JxxMd3nw31uyKoY2naivF+r29V+Lc0svZxe1JvvIRmi8hUsrMvdOwgS1o6uBHmiz91geQ0ylPP0aj1VUA=="
    },
    "d3-voronoi": {
      "version": "1.1.4",
      "resolved": "https://registry.npmjs.org/d3-voronoi/-/d3-voronoi-1.1.4.tgz",
      "integrity": "sha512-dArJ32hchFsrQ8uMiTBLq256MpnZjeuBtdHpaDlYuQyjU0CVzCJl/BVW+SkszaAeH95D/8gxqAhgx0ouAWAfRg=="
    },
    "delaunator": {
      "version": "4.0.1",
      "resolved": "https://registry.npmjs.org/delaunator/-/delaunator-4.0.1.tgz",
      "integrity": "sha512-WNPWi1IRKZfCt/qIDMfERkDp93+iZEmOxN2yy4Jg+Xhv8SLk2UTqqbe1sfiipn0and9QrE914/ihdx82Y/Giag=="
    },
    "delaunay-find": {
      "version": "0.0.6",
      "resolved": "https://registry.npmjs.org/delaunay-find/-/delaunay-find-0.0.6.tgz",
      "integrity": "sha512-1+almjfrnR7ZamBk0q3Nhg6lqSe6Le4vL0WJDSMx4IDbQwTpUTXPjxC00lqLBT8MYsJpPCbI16sIkw9cPsbi7Q==",
      "requires": {
        "delaunator": "^4.0.0"
      }
    },
    "internmap": {
      "version": "2.0.3",
      "resolved": "https://registry.npmjs.org/internmap/-/internmap-2.0.3.tgz",
      "integrity": "sha512-5Hh7Y1wQbvY5ooGgPbDaL5iYLAPzMTUrjMulskHLH6wnv/A+1q5rgEaiuqEjB+oxGXIVZs1FF+R/KPN3ZSQYYg=="
    },
    "js-tokens": {
      "version": "4.0.0",
      "resolved": "https://registry.npmjs.org/js-tokens/-/js-tokens-4.0.0.tgz",
      "integrity": "sha512-RdJUflcE3cUzKiMqQgsCu06FPu9UdIJO0beYbPhHN4k6apgJtifcoCtT9bcxOpYBtpD2kCM6Sbzg4CausW/PKQ=="
    },
    "json-stringify-safe": {
      "version": "5.0.1",
      "resolved": "https://registry.npmjs.org/json-stringify-safe/-/json-stringify-safe-5.0.1.tgz",
      "integrity": "sha512-ZClg6AaYvamvYEE82d3Iyd3vSSIjQ+odgjaTzRuO3s7toCdFKczob2i0zCh7JE8kWn17yvAWhUVxvqGwUalsRA=="
    },
    "lodash": {
      "version": "4.17.21",
      "resolved": "https://registry.npmjs.org/lodash/-/lodash-4.17.21.tgz",
      "integrity": "sha512-v2kDEe57lecTulaDIuNTPy3Ry4gLGJ6Z1O3vE1krgXZNrsQ+LFTGHVxVjcXPs17LhbZVGedAJv8XZ1tvj5FvSg=="
    },
    "loose-envify": {
      "version": "1.4.0",
      "resolved": "https://registry.npmjs.org/loose-envify/-/loose-envify-1.4.0.tgz",
      "integrity": "sha512-lyuxPGr/Wfhrlem2CL/UcnUc1zcqKAImBDzukY7Y5F/yQiNdko6+fRLevlw1HgMySw7f611UIY408EtxRSoK3Q==",
      "requires": {
        "js-tokens": "^3.0.0 || ^4.0.0"
      }
    },
    "object-assign": {
      "version": "4.1.1",
      "resolved": "https://registry.npmjs.org/object-assign/-/object-assign-4.1.1.tgz",
      "integrity": "sha512-rJgTQnkUnH1sFw8yT6VSU3zD3sWmu6sZhIseY8VX+GRu3P6F7Fu+JNDoXfklElbLJSnc3FUQHVe4cU5hj+BcUg=="
    },
    "papaparse": {
      "version": "5.4.1",
      "resolved": "https://registry.npmjs.org/papaparse/-/papaparse-5.4.1.tgz",
      "integrity": "sha512-HipMsgJkZu8br23pW15uvo6sib6wne/4woLZPlFf3rpDyMe9ywEXUsuD7+6K9PRkJlVT51j/sCOYDKGGS3ZJrw=="
    },
    "prop-types": {
      "version": "15.8.1",
      "resolved": "https://registry.npmjs.org/prop-types/-/prop-types-15.8.1.tgz",
      "integrity": "sha512-oj87CgZICdulUohogVAR7AjlC0327U4el4L6eAvOqCeudMDVU0NThNaV+b9Df4dXgSP1gXMTnPdhfe/2qDH5cg==",
      "requires": {
        "loose-envify": "^1.4.0",
        "object-assign": "^4.1.1",
        "react-is": "^16.13.1"
      }
    },
    "react-fast-compare": {
      "version": "3.2.2",
      "resolved": "https://registry.npmjs.org/react-fast-compare/-/react-fast-compare-3.2.2.tgz",
      "integrity": "sha512-nsO+KSNgo1SbJqJEYRE9ERzo7YtYbou/OqjSQKxV7jcKox7+usiUVZOAC+XnDOABXggQTno0Y1CpVnuWEc1boQ=="
    },
    "react-is": {
      "version": "16.13.1",
      "resolved": "https://registry.npmjs.org/react-is/-/react-is-16.13.1.tgz",
      "integrity": "sha512-24e6ynE2H+OKt4kqsOvNd8kBpV65zoxbA4BVsEOB3ARVWQki/DHzaUoC5KuON/BiccDaCCTZBuOcfZs70kR8bQ=="
    },
    "victory": {
      "version": "36.8.6",
      "resolved": "https://registry.npmjs.org/victory/-/victory-36.8.6.tgz",
      "integrity": "sha512-W+WkELrGpYrGtNXOw/jbUhQFLWyenp81e5T+aO3ht70oG8StfDJVc+Yu1okroRAzzRWX74FQqRkj+1mFUJrkzw==",
      "requires": {
        "victory-area": "^36.8.6",
        "victory-axis": "^36.8.6",
        "victory-bar": "^36.8.6",
        "victory-box-plot": "^36.8.6",
        "victory-brush-container": "^36.8.6",
        "victory-brush-line": "^36.8.6",
        "victory-candlestick": "^36.8.6",
        "victory-canvas": "^36.8.6",
        "victory-chart": "^36.8.6",
        "victory-core": "^36.8.6",
        "victory-create-container": "^36.8.6",
        "victory-cursor-container": "^36.8.6",
        "victory-errorbar": "^36.8.6",
        "victory-group": "^36.8.6",
        "victory-histogram": "^36.8.6",
        "victory-legend": "^36.8.6",
        "victory-line": "^36.8.6",
        "victory-pie": "^36.8.6",
        "victory-polar-axis": "^36.8.6",
        "victory-scatter": "^36.8.6",
        "victory-selection-container": "^36.8.6",
        "victory-shared-events": "^36.8.6",
        "victory-stack": "^36.8.6",
        "victory-tooltip": "^36.8.6",
        "victory-voronoi": "^36.8.6",
        "victory-voronoi-container": "^36.8.6",
        "victory-zoom-container": "^36.8.6"
      }
    },
    "victory-area": {
      "version": "36.8.6",
      "resolved": "https://registry.npmjs.org/victory-area/-/victory-area-36.8.6.tgz",
      "integrity": "sha512-EmFB0SQwR5EY5/WFdEJBEYKLlJOq/0qnr2Cm9gJmqyHX+pmG24Q+llx6f8xEO53oH3jkOtUyggxlA0psLmYOIQ==",
      "requires": {
        "lodash": "^4.17.19",
        "prop-types": "^15.8.1",
        "victory-core": "^36.8.6",
        "victory-vendor": "^36.8.6"
      }
    },
    "victory-axis": {
      "version": "36.8.6",
      "resolved": "https://registry.npmjs.org/victory-axis/-/victory-axis-36.8.6.tgz",
      "integrity": "sha512-JH/PxxL4dg6nv3sUNA0dcXWTviR0MsXQDtg4KeNX7ShGM0mO28g0lmfoWQZpOJplmslnt9J3bU7Qu4P7/GSrdQ==",
      "requires": {
        "lodash": "^4.17.19",
        "prop-types": "^15.8.1",
        "victory-core": "^36.8.6"
      }
    },
    "victory-bar": {
      "version": "36.8.6",
      "resolved": "https://registry.npmjs.org/victory-bar/-/victory-bar-36.8.6.tgz",
      "integrity": "sha512-5Lq0kQe2ItCoO1AjML+vdYb0kLKvS8rgp/0BOTqgJ5qc+UEZkQDyzGsKD9bcKb/JnLd4GR41NqR1MMnFAQp2Tg==",
      "requires": {
        "lodash": "^4.17.19",
        "prop-types": "^15.8.1",
        "victory-core": "^36.8.6",
        "victory-vendor": "^36.8.6"
      }
    },
    "victory-box-plot": {
      "version": "36.8.6",
      "resolved": "https://registry.npmjs.org/victory-box-plot/-/victory-box-plot-36.8.6.tgz",
      "integrity": "sha512-ntNwm2LUn9LIuK4Ti2sSMq7dhQ28nmFLyquQlKFucKjI/Zd85A4SbLcEdxOH3M+SzE+tbT1lZQ16sSvw0uOPyA==",
      "requires": {
        "lodash": "^4.17.19",
        "prop-types": "^15.8.1",
        "victory-core": "^36.8.6",
        "victory-vendor": "^36.8.6"
      }
    },
    "victory-brush-container": {
      "version": "36.8.6",
      "resolved": "https://registry.npmjs.org/victory-brush-container/-/victory-brush-container-36.8.6.tgz",
      "integrity": "sha512-9fY/zHY2I9V9v9x4r+WQel5O8eHgQWQvKOvo8neFH+T6v2ehZDwEh6bd78QLugmEQRMScBkbPciVCF6Uj8RZ3Q==",
      "requires": {
        "lodash": "^4.17.19",
        "prop-types": "^15.8.1",
        "react-fast-compare": "^3.2.0",
        "victory-core": "^36.8.6"
      }
    },
    "victory-brush-line": {
      "version": "36.8.6",
      "resolved": "https://registry.npmjs.org/victory-brush-line/-/victory-brush-line-36.8.6.tgz",
      "integrity": "sha512-kM2OgK9KD860L98I+lOsJjNF9l97i/s1CFS6++lEyHqukjOJt9lC5Bi6EYlevf/Qx2MQ5YkepOvPbSBwnKKhgw==",
      "requires": {
        "lodash": "^4.17.19",
        "prop-types": "^15.8.1",
        "react-fast-compare": "^3.2.0",
        "victory-core": "^36.8.6"
      }
    },
    "victory-candlestick": {
      "version": "36.8.6",
      "resolved": "https://registry.npmjs.org/victory-candlestick/-/victory-candlestick-36.8.6.tgz",
      "integrity": "sha512-y/yFN1br7gkXQtzwRTNgxgEexWvHgLvbuK1K61EuzZNycbrdYRKDQLRCFW/604U1+gaXg0fAwIVrP6l/UjtCBA==",
      "requires": {
        "lodash": "^4.17.19",
        "prop-types": "^15.8.1",
        "victory-core": "^36.8.6"
      }
    },
    "victory-canvas": {
      "version": "36.8.6",
      "resolved": "https://registry.npmjs.org/victory-canvas/-/victory-canvas-36.8.6.tgz",
      "integrity": "sha512-xTfkIPbqovORep2JjuzwwT0CLPIIVHpDhz5G1baflDCS0t3V5xsEEV5IPWLkSJZrFXmOKUt617b8mqzGgxErSg==",
      "requires": {
        "lodash": "^4.17.19",
        "prop-types": "^15.8.1",
        "victory-bar": "^36.8.6",
        "victory-core": "^36.8.6"
      }
    },
    "victory-chart": {
      "version": "36.8.6",
      "resolved": "https://registry.npmjs.org/victory-chart/-/victory-chart-36.8.6.tgz",
      "integrity": "sha512-uo/8vZ34iUTY42CFO912TcRR//Q/ttP/4GGIcta9owRecetp46sApG3ChuvFSd6kRE5L78A7G6OSakGm5m8fLQ==",
      "requires": {
        "lodash": "^4.17.19",
        "prop-types": "^15.8.1",
        "react-fast-compare": "^3.2.0",
        "victory-axis": "^36.8.6",
        "victory-core": "^36.8.6",
        "victory-polar-axis": "^36.8.6",
        "victory-shared-events": "^36.8.6"
      }
    },
    "victory-core": {
      "version": "36.8.6",
      "resolved": "https://registry.npmjs.org/victory-core/-/victory-core-36.8.6.tgz",
      "integrity": "sha512-fT8SYy4wmtNTloV3npRC9pwEG8UkFF48ZmNGKywykpRuJXHVgV1GXeFEDH8/Ra0qHACVciR9Tcjk6X89GTRw4A==",
      "requires": {
        "lodash": "^4.17.21",
        "prop-types": "^15.8.1",
        "react-fast-compare": "^3.2.0",
        "victory-vendor": "^36.8.6"
      }
    },
    "victory-create-container": {
      "version": "36.8.6",
      "resolved": "https://registry.npmjs.org/victory-create-container/-/victory-create-container-36.8.6.tgz",
      "integrity": "sha512-ckQzNXg12TdmlTDFOoleV66XEP7c5NA/LLs9/cQaIEQPQnWe8PAGMvcFLG9Wvtz1mfGWFVgmzWqtlmjnHYmN6w==",
      "requires": {
        "lodash": "^4.17.19",
        "victory-brush-container": "^36.8.6",
        "victory-core": "^36.8.6",
        "victory-cursor-container": "^36.8.6",
        "victory-selection-container": "^36.8.6",
        "victory-voronoi-container": "^36.8.6",
        "victory-zoom-container": "^36.8.6"
      }
    },
    "victory-cursor-container": {
      "version": "36.8.6",
      "resolved": "https://registry.npmjs.org/victory-cursor-container/-/victory-cursor-container-36.8.6.tgz",
      "integrity": "sha512-7z/BL7Yx18zXL7KEZta1ciLqg0aMxqaGHVBRr+DJDHJR3u+3NlNXsQVsdb2p3fZI52jZBBGwdvTbh8UiokMB2w==",
      "requires": {
        "lodash": "^4.17.19",
        "prop-types": "^15.8.1",
        "victory-core": "^36.8.6"
      }
    },
    "victory-errorbar": {
      "version": "36.8.6",
      "resolved": "https://registry.npmjs.org/victory-errorbar/-/victory-errorbar-36.8.6.tgz",
      "integrity": "sha512-2jTtf/RccIQ0TzCPEAiGd8aNc+D4x2zQ92Jpr4hX60J3eU5FiZZLOyGjync0eeRhJFmi6Vchdmd8seAWSenMaQ==",
      "requires": {
        "lodash": "^4.17.19",
        "prop-types": "^15.8.1",
        "victory-core": "^36.8.6"
      }
    },
    "victory-group": {
      "version": "36.8.6",
      "resolved": "https://registry.npmjs.org/victory-group/-/victory-group-36.8.6.tgz",
      "integrity": "sha512-cKsLnPpDhb89GiJMNWG2ZgtlRPVU+n+NAzaBCWyZ31z8qq/j4i8FiIXi6lmvB0jE0QsVF2GHpYGL9Mmx+T44cQ==",
      "requires": {
        "lodash": "^4.17.19",
        "prop-types": "^15.8.1",
        "react-fast-compare": "^3.2.0",
        "victory-core": "^36.8.6",
        "victory-shared-events": "^36.8.6"
      }
    },
    "victory-histogram": {
      "version": "36.8.6",
      "resolved": "https://registry.npmjs.org/victory-histogram/-/victory-histogram-36.8.6.tgz",
      "integrity": "sha512-XQJ4Qzs6QbiStBG87TWO0B2FFiGAGDe7xiJsGKRZ9+8I8KOjuVbnXScr4iwaVFOLtK6QGPzGKz3P1gOLuWXidg==",
      "requires": {
        "lodash": "^4.17.19",
        "prop-types": "^15.8.1",
        "react-fast-compare": "^3.2.0",
        "victory-bar": "^36.8.6",
        "victory-core": "^36.8.6",
        "victory-vendor": "^36.8.6"
      }
    },
    "victory-legend": {
      "version": "36.8.6",
      "resolved": "https://registry.npmjs.org/victory-legend/-/victory-legend-36.8.6.tgz",
      "integrity": "sha512-v4Gwan/7cv/UY5/1GhXLlwfkwaM/jqj8/IskeikQl0KIfZGpKBDaXx8lb2WQKEPP5edFrSQS4siEp5aY+E5urg==",
      "requires": {
        "lodash": "^4.17.19",
        "prop-types": "^15.8.1",
        "victory-core": "^36.8.6"
      }
    },
    "victory-line": {
      "version": "36.8.6",
      "resolved": "https://registry.npmjs.org/victory-line/-/victory-line-36.8.6.tgz",
      "integrity": "sha512-3b2DPpSUr2UtTJXs147pHrWVdYtdyY8UIAo4qsBL1DLd+CnzyC/8JI9XxRUCCo0e1+u1MydjdboUtIYVm11b2Q==",
      "requires": {
        "lodash": "^4.17.19",
        "prop-types": "^15.8.1",
        "victory-core": "^36.8.6",
        "victory-vendor": "^36.8.6"
      }
    },
    "victory-pie": {
      "version": "36.8.6",
      "resolved": "https://registry.npmjs.org/victory-pie/-/victory-pie-36.8.6.tgz",
      "integrity": "sha512-o8ZQZlkfMJiRalYwa4tMjBFmjHcQEWxR2O+Ak2p36QTPomIZ/6itQ+gHErvdO9BU/JdBJOJW/4iNJxGoEIrETA==",
      "requires": {
        "lodash": "^4.17.19",
        "prop-types": "^15.8.1",
        "victory-core": "^36.8.6",
        "victory-vendor": "^36.8.6"
      }
    },
    "victory-polar-axis": {
      "version": "36.8.6",
      "resolved": "https://registry.npmjs.org/victory-polar-axis/-/victory-polar-axis-36.8.6.tgz",
      "integrity": "sha512-R+AVlPWttVvyaGOHb3o5ZhKRefz05MWPa9t1+J6YnpBZv9+RgNCxVlA2XyL2OtYYek3Jt/6DpsRUM65k7Df+8Q==",
      "requires": {
        "lodash": "^4.17.19",
        "prop-types": "^15.8.1",
        "victory-core": "^36.8.6"
      }
    },
    "victory-scatter": {
      "version": "36.8.6",
      "resolved": "https://registry.npmjs.org/victory-scatter/-/victory-scatter-36.8.6.tgz",
      "integrity": "sha512-aeVVlSsOUZJ2GsHNi0ioS9M4JolQGIJ0Uiwk0Bp0Tmhl0CgauV5P+91KDRDgcqMXrB+cmkUvT6GGOnpb+zQ45A==",
      "requires": {
        "lodash": "^4.17.19",
        "prop-types": "^15.8.1",
        "victory-core": "^36.8.6"
      }
    },
    "victory-selection-container": {
      "version": "36.8.6",
      "resolved": "https://registry.npmjs.org/victory-selection-container/-/victory-selection-container-36.8.6.tgz",
      "integrity": "sha512-Rm//Ap62uoNcDlgfzMC1oNC34w6SkIldOxHUWwiRuc3eUDdvtgczQua73GHucGOdvPkRbfW1L24raHj9+yDpLg==",
      "requires": {
        "lodash": "^4.17.19",
        "prop-types": "^15.8.1",
        "victory-core": "^36.8.6"
      }
    },
    "victory-shared-events": {
      "version": "36.8.6",
      "resolved": "https://registry.npmjs.org/victory-shared-events/-/victory-shared-events-36.8.6.tgz",
      "integrity": "sha512-to1BEqgEFbkPXhCdPH4zhwYkB6H76hLVzbWZCYnP0UiK3v7ZzCwPhZKjansCVBaMCzN6Tz4mV023XIYNs06Elg==",
      "requires": {
        "json-stringify-safe": "^5.0.1",
        "lodash": "^4.17.19",
        "prop-types": "^15.8.1",
        "react-fast-compare": "^3.2.0",
        "victory-core": "^36.8.6"
      }
    },
    "victory-stack": {
      "version": "36.8.6",
      "resolved": "https://registry.npmjs.org/victory-stack/-/victory-stack-36.8.6.tgz",
      "integrity": "sha512-VyfWfNP1wA8ZYhO/AesBQwmeWCGKBQgC5H8y5/jLpSDVFPiKURTxm01jq44ov9f6Nop+verRrKA59GJMbGrZmQ==",
      "requires": {
        "lodash": "^4.17.19",
        "prop-types": "^15.8.1",
        "react-fast-compare": "^3.2.0",
        "victory-core": "^36.8.6",
        "victory-shared-events": "^36.8.6"
      }
    },
    "victory-tooltip": {
      "version": "36.8.6",
      "resolved": "https://registry.npmjs.org/victory-tooltip/-/victory-tooltip-36.8.6.tgz",
      "integrity": "sha512-B5cTz7LkT9emuXPTzv7mXSXlSNp8ATRogBTfwUfIGmTfLGvP5SQza+StRNXgBdKD352/Az/GIWW7aqzbpk6yEA==",
      "requires": {
        "lodash": "^4.17.19",
        "prop-types": "^15.8.1",
        "victory-core": "^36.8.6"
      }
    },
    "victory-vendor": {
      "version": "36.8.6",
      "resolved": "https://registry.npmjs.org/victory-vendor/-/victory-vendor-36.8.6.tgz",
      "integrity": "sha512-PH8Wj9b0xIZ4AVfyn0c1SJrOhtxDJ5PNxj1ZDABPg1Gw1vJr1mJVqESPhvsFj7mXLQohVdiKqp4kWZkXlPcRcA==",
      "requires": {
        "@types/d3-array": "^3.0.3",
        "@types/d3-ease": "^3.0.0",
        "@types/d3-interpolate": "^3.0.1",
        "@types/d3-scale": "^4.0.2",
        "@types/d3-shape": "^3.1.0",
        "@types/d3-time": "^3.0.0",
        "@types/d3-timer": "^3.0.0",
        "d3-array": "^3.1.6",
        "d3-ease": "^3.0.1",
        "d3-interpolate": "^3.0.1",
        "d3-scale": "^4.0.2",
        "d3-shape": "^3.1.0",
        "d3-time": "^3.0.0",
        "d3-timer": "^3.0.1"
      }
    },
    "victory-voronoi": {
      "version": "36.8.6",
      "resolved": "https://registry.npmjs.org/victory-voronoi/-/victory-voronoi-36.8.6.tgz",
      "integrity": "sha512-TM6AVhD8CJxcoJm3dIreJnZtql+z4WFF8TvGUjoXaeBKyz94tv5ZDLDu9IX2tusexYZ7gaHFQ3K99I2KNTFLFg==",
      "requires": {
        "d3-voronoi": "^1.1.4",
        "lodash": "^4.17.19",
        "prop-types": "^15.8.1",
        "victory-core": "^36.8.6"
      }
    },
    "victory-voronoi-container": {
      "version": "36.8.6",
      "resolved": "https://registry.npmjs.org/victory-voronoi-container/-/victory-voronoi-container-36.8.6.tgz",
      "integrity": "sha512-bhikEGWJnLVTRP/jkAwC1U7dre52pdF3LgSAF4aZudTgPy4o66vVoIrdBJhG5yY9QSXou/sPRJt6p/xtZ6vRag==",
      "requires": {
        "delaunay-find": "0.0.6",
        "lodash": "^4.17.19",
        "prop-types": "^15.8.1",
        "react-fast-compare": "^3.2.0",
        "victory-core": "^36.8.6",
        "victory-tooltip": "^36.8.6"
      }
    },
    "victory-zoom-container": {
      "version": "36.8.6",
      "resolved": "https://registry.npmjs.org/victory-zoom-container/-/victory-zoom-container-36.8.6.tgz",
      "integrity": "sha512-tsXUNk/DwRZ7Dk2uf+z1N1eOZ/zLbZCR8aDyYgzDP74ne53/bkBxnwgSLBtN1KvB+PRN0sP0W0+Y+12/kA/fzg==",
      "requires": {
        "lodash": "^4.17.19",
        "prop-types": "^15.8.1",
        "victory-core": "^36.8.6"
      }
    }
  }
}
